
Microsoft Visual Studio Solution File, Format Version 12.00
# Visual Studio Version 17
VisualStudioVersion = 17.0.31903.59
MinimumVisualStudioVersion = 10.0.40219.1
Project("{FAE04EC0-301F-11D3-BF4B-00C04F79EFBC}") = "ReadyPerfectly.Utilities", "ReadyPerfectly.Utilities\ReadyPerfectly.Utilities.csproj", "{E53E75BD-F8E5-4479-9C7D-436E9C21ACAD}"
EndProject
Project("{FAE04EC0-301F-11D3-BF4B-00C04F79EFBC}") = "ReadyPerfectly.Utilities.Tests", "ReadyPerfectly.Utilities.Tests\ReadyPerfectly.Utilities.Tests.csproj", "{77C4CF3E-06C7-4373-8D4C-56D8CA3977BC}"
EndProject
Global
	GlobalSection(SolutionConfigurationPlatforms) = preSolution
		Debug|Any CPU = Debug|Any CPU
		Debug|x64 = Debug|x64
		Debug|x86 = Debug|x86
		Release|Any CPU = Release|Any CPU
		Release|x64 = Release|x64
		Release|x86 = Release|x86
	EndGlobalSection
	GlobalSection(ProjectConfigurationPlatforms) = postSolution
		{E53E75BD-F8E5-4479-9C7D-436E9C21ACAD}.Debug|Any CPU.ActiveCfg = Debug|Any CPU
		{E53E75BD-F8E5-4479-9C7D-436E9C21ACAD}.Debug|Any CPU.Build.0 = Debug|Any CPU
		{E53E75BD-F8E5-4479-9C7D-436E9C21ACAD}.Debug|x64.ActiveCfg = Debug|Any CPU
		{E53E75BD-F8E5-4479-9C7D-436E9C21ACAD}.Debug|x64.Build.0 = Debug|Any CPU
		{E53E75BD-F8E5-4479-9C7D-436E9C21ACAD}.Debug|x86.ActiveCfg = Debug|Any CPU
		{E53E75BD-F8E5-4479-9C7D-436E9C21ACAD}.Debug|x86.Build.0 = Debug|Any CPU
		{E53E75BD-F8E5-4479-9C7D-436E9C21ACAD}.Release|Any CPU.ActiveCfg = Release|Any CPU
		{E53E75BD-F8E5-4479-9C7D-436E9C21ACAD}.Release|Any CPU.Build.0 = Release|Any CPU
		{E53E75BD-F8E5-4479-9C7D-436E9C21ACAD}.Release|x64.ActiveCfg = Release|Any CPU
		{E53E75BD-F8E5-4479-9C7D-436E9C21ACAD}.Release|x64.Build.0 = Release|Any CPU
		{E53E75BD-F8E5-4479-9C7D-436E9C21ACAD}.Release|x86.ActiveCfg = Release|Any CPU
		{E53E75BD-F8E5-4479-9C7D-436E9C21ACAD}.Release|x86.Build.0 = Release|Any CPU
		{77C4CF3E-06C7-4373-8D4C-56D8CA3977BC}.Debug|Any CPU.ActiveCfg = Debug|Any CPU
		{77C4CF3E-06C7-4373-8D4C-56D8CA3977BC}.Debug|Any CPU.Build.0 = Debug|Any CPU
		{77C4CF3E-06C7-4373-8D4C-56D8CA3977BC}.Debug|x64.ActiveCfg = Debug|Any CPU
		{77C4CF3E-06C7-4373-8D4C-56D8CA3977BC}.Debug|x64.Build.0 = Debug|Any CPU
		{77C4CF3E-06C7-4373-8D4C-56D8CA3977BC}.Debug|x86.ActiveCfg = Debug|Any CPU
		{77C4CF3E-06C7-4373-8D4C-56D8CA3977BC}.Debug|x86.Build.0 = Debug|Any CPU
		{77C4CF3E-06C7-4373-8D4C-56D8CA3977BC}.Release|Any CPU.ActiveCfg = Release|Any CPU
		{77C4CF3E-06C7-4373-8D4C-56D8CA3977BC}.Release|Any CPU.Build.0 = Release|Any CPU
		{77C4CF3E-06C7-4373-8D4C-56D8CA3977BC}.Release|x64.ActiveCfg = Release|Any CPU
		{77C4CF3E-06C7-4373-8D4C-56D8CA3977BC}.Release|x64.Build.0 = Release|Any CPU
		{77C4CF3E-06C7-4373-8D4C-56D8CA3977BC}.Release|x86.ActiveCfg = Release|Any CPU
		{77C4CF3E-06C7-4373-8D4C-56D8CA3977BC}.Release|x86.Build.0 = Release|Any CPU
	EndGlobalSection
	GlobalSection(SolutionProperties) = preSolution
		HideSolutionNode = FALSE
	EndGlobalSection
EndGlobal
